
Microsoft Visual Studio Solution File, Format Version 12.00
# Visual Studio Version 17
VisualStudioVersion = 17.2.32210.308
MinimumVisualStudioVersion = 10.0.40219.1
Project("{FAE04EC0-301F-11D3-BF4B-00C04F79EFBC}") = "CaptchaNoJS", "CaptchaNoJS\CaptchaNoJS.csproj", "{E6F80FC7-8E02-4140-95BE-7BFE8D88B36D}"
EndProject
Global
	GlobalSection(SolutionConfigurationPlatforms) = preSolution
		Debug|Any CPU = Debug|Any CPU
		Release|Any CPU = Release|Any CPU
	EndGlobalSection
	GlobalSection(ProjectConfigurationPlatforms) = postSolution
		{E6F80FC7-8E02-4140-95BE-7BFE8D88B36D}.Debug|Any CPU.ActiveCfg = Debug|Any CPU
		{E6F80FC7-8E02-4140-95BE-7BFE8D88B36D}.Debug|Any CPU.Build.0 = Debug|Any CPU
		{E6F80FC7-8E02-4140-95BE-7BFE8D88B36D}.Release|Any CPU.ActiveCfg = Release|Any CPU
		{E6F80FC7-8E02-4140-95BE-7BFE8D88B36D}.Release|Any CPU.Build.0 = Release|Any CPU
	EndGlobalSection
	GlobalSection(SolutionProperties) = preSolution
		HideSolutionNode = FALSE
	EndGlobalSection
	GlobalSection(ExtensibilityGlobals) = postSolution
		SolutionGuid = {2B8D4EB5-356F-4F26-ABA7-695644DC62B1}
	EndGlobalSection
EndGlobal
